
Microsoft Visual Studio Solution File, Format Version 12.00
# Visual Studio Version 16
VisualStudioVersion = 16.0.29728.190
MinimumVisualStudioVersion = 10.0.40219.1
Project("{9A19103F-16F7-4668-BE54-9A1E7A4F7556}") = "IDP.Service", "..\IDP.Service\IDP.Service.csproj", "{A03AA41E-8E76-4CE5-9E3C-9034D2A4AC47}"
EndProject
Project("{FAE04EC0-301F-11D3-BF4B-00C04F79EFBC}") = "IDP.DataLayer", "IDP.DataLayer\IDP.DataLayer.csproj", "{9DCDD999-2BDD-41DE-B26E-47BB39593EFE}"
EndProject
Global
	GlobalSection(SolutionConfigurationPlatforms) = preSolution
		Debug|Any CPU = Debug|Any CPU
		Release|Any CPU = Release|Any CPU
	EndGlobalSection
	GlobalSection(ProjectConfigurationPlatforms) = postSolution
		{A03AA41E-8E76-4CE5-9E3C-9034D2A4AC47}.Debug|Any CPU.ActiveCfg = Debug|Any CPU
		{A03AA41E-8E76-4CE5-9E3C-9034D2A4AC47}.Debug|Any CPU.Build.0 = Debug|Any CPU
		{A03AA41E-8E76-4CE5-9E3C-9034D2A4AC47}.Release|Any CPU.ActiveCfg = Release|Any CPU
		{A03AA41E-8E76-4CE5-9E3C-9034D2A4AC47}.Release|Any CPU.Build.0 = Release|Any CPU
		{9DCDD999-2BDD-41DE-B26E-47BB39593EFE}.Debug|Any CPU.ActiveCfg = Debug|Any CPU
		{9DCDD999-2BDD-41DE-B26E-47BB39593EFE}.Debug|Any CPU.Build.0 = Debug|Any CPU
		{9DCDD999-2BDD-41DE-B26E-47BB39593EFE}.Release|Any CPU.ActiveCfg = Release|Any CPU
		{9DCDD999-2BDD-41DE-B26E-47BB39593EFE}.Release|Any CPU.Build.0 = Release|Any CPU
	EndGlobalSection
	GlobalSection(SolutionProperties) = preSolution
		HideSolutionNode = FALSE
	EndGlobalSection
	GlobalSection(ExtensibilityGlobals) = postSolution
		SolutionGuid = {A284BD22-1983-427C-A917-345F3D771D9E}
	EndGlobalSection
EndGlobal
